
Microsoft Visual Studio Solution File, Format Version 12.00
# Visual Studio 15
VisualStudioVersion = 15.0.28307.852
MinimumVisualStudioVersion = 10.0.40219.1
Project("{FAE04EC0-301F-11D3-BF4B-00C04F79EFBC}") = "NHibernate Test", "NHibernate Test\NHibernate Test.csproj", "{455A41E8-AC03-4F14-9FBA-7C8F287BA8C7}"
EndProject
Global
	GlobalSection(SolutionConfigurationPlatforms) = preSolution
		Debug|Any CPU = Debug|Any CPU
		Release|Any CPU = Release|Any CPU
	EndGlobalSection
	GlobalSection(ProjectConfigurationPlatforms) = postSolution
		{455A41E8-AC03-4F14-9FBA-7C8F287BA8C7}.Debug|Any CPU.ActiveCfg = Debug|Any CPU
		{455A41E8-AC03-4F14-9FBA-7C8F287BA8C7}.Debug|Any CPU.Build.0 = Debug|Any CPU
		{455A41E8-AC03-4F14-9FBA-7C8F287BA8C7}.Release|Any CPU.ActiveCfg = Release|Any CPU
		{455A41E8-AC03-4F14-9FBA-7C8F287BA8C7}.Release|Any CPU.Build.0 = Release|Any CPU
	EndGlobalSection
	GlobalSection(SolutionProperties) = preSolution
		HideSolutionNode = FALSE
	EndGlobalSection
	GlobalSection(ExtensibilityGlobals) = postSolution
		SolutionGuid = {4D18523B-5AD3-49F7-BF90-7AB98A59E432}
	EndGlobalSection
EndGlobal
